
Microsoft Visual Studio Solution File, Format Version 12.00
# Visual Studio Version 16
VisualStudioVersion = 16.0.31313.79
MinimumVisualStudioVersion = 10.0.40219.1
Project("{9A19103F-16F7-4668-BE54-9A1E7A4F7556}") = "UnityExercise.Web", "UnityExercise.Web\UnityExercise.Web.csproj", "{A23930F0-2DB2-4C98-823F-8761799A68DD}"
EndProject
Project("{9A19103F-16F7-4668-BE54-9A1E7A4F7556}") = "UnityExercise.MQ", "UnityExercise.MQ\UnityExercise.MQ.csproj", "{0F5E48CC-FFEF-42E1-93D2-8713F06EB5BF}"
EndProject
Project("{9A19103F-16F7-4668-BE54-9A1E7A4F7556}") = "UnityExercise.Services", "UnityExercise.Services\UnityExercise.Services.csproj", "{6E587F5D-74D1-43F5-ABAD-7F37D2A04F3C}"
EndProject
Project("{2150E333-8FDC-42A3-9474-1A3956D46DE8}") = "Docs", "Docs", "{05D7F26E-2A7B-40F1-893E-B05060B77B97}"
	ProjectSection(SolutionItems) = preProject
		ReadMe.md = ReadMe.md
		Take Home Assignment.pdf = Take Home Assignment.pdf
		UnityExercise-WebApi.JPG = UnityExercise-WebApi.JPG
	EndProjectSection
EndProject
Project("{E53339B2-1760-4266-BCC7-CA923CBCF16C}") = "docker-compose", "docker-compose.dcproj", "{8333E9F1-5780-467A-95EE-1A9155C9D6F7}"
EndProject
Global
	GlobalSection(SolutionConfigurationPlatforms) = preSolution
		Debug|Any CPU = Debug|Any CPU
		Release|Any CPU = Release|Any CPU
	EndGlobalSection
	GlobalSection(ProjectConfigurationPlatforms) = postSolution
		{A23930F0-2DB2-4C98-823F-8761799A68DD}.Debug|Any CPU.ActiveCfg = Debug|Any CPU
		{A23930F0-2DB2-4C98-823F-8761799A68DD}.Debug|Any CPU.Build.0 = Debug|Any CPU
		{A23930F0-2DB2-4C98-823F-8761799A68DD}.Release|Any CPU.ActiveCfg = Release|Any CPU
		{A23930F0-2DB2-4C98-823F-8761799A68DD}.Release|Any CPU.Build.0 = Release|Any CPU
		{0F5E48CC-FFEF-42E1-93D2-8713F06EB5BF}.Debug|Any CPU.ActiveCfg = Debug|Any CPU
		{0F5E48CC-FFEF-42E1-93D2-8713F06EB5BF}.Debug|Any CPU.Build.0 = Debug|Any CPU
		{0F5E48CC-FFEF-42E1-93D2-8713F06EB5BF}.Release|Any CPU.ActiveCfg = Release|Any CPU
		{0F5E48CC-FFEF-42E1-93D2-8713F06EB5BF}.Release|Any CPU.Build.0 = Release|Any CPU
		{6E587F5D-74D1-43F5-ABAD-7F37D2A04F3C}.Debug|Any CPU.ActiveCfg = Debug|Any CPU
		{6E587F5D-74D1-43F5-ABAD-7F37D2A04F3C}.Debug|Any CPU.Build.0 = Debug|Any CPU
		{6E587F5D-74D1-43F5-ABAD-7F37D2A04F3C}.Release|Any CPU.ActiveCfg = Release|Any CPU
		{6E587F5D-74D1-43F5-ABAD-7F37D2A04F3C}.Release|Any CPU.Build.0 = Release|Any CPU
		{8333E9F1-5780-467A-95EE-1A9155C9D6F7}.Debug|Any CPU.ActiveCfg = Debug|Any CPU
		{8333E9F1-5780-467A-95EE-1A9155C9D6F7}.Debug|Any CPU.Build.0 = Debug|Any CPU
		{8333E9F1-5780-467A-95EE-1A9155C9D6F7}.Release|Any CPU.ActiveCfg = Release|Any CPU
		{8333E9F1-5780-467A-95EE-1A9155C9D6F7}.Release|Any CPU.Build.0 = Release|Any CPU
	EndGlobalSection
	GlobalSection(SolutionProperties) = preSolution
		HideSolutionNode = FALSE
	EndGlobalSection
	GlobalSection(ExtensibilityGlobals) = postSolution
		SolutionGuid = {784FFB75-21AE-412A-A939-DEC5B03C66BD}
	EndGlobalSection
EndGlobal
